// !$*UTF8*$!
{
	archiveVersion = 1;
	classes = {
	};
	objectVersion = 52;
	objects = {

/* Begin PBXBuildFile section */
		A312FA3C1FC0484500CE3ED9 /* LoadingViewController.swift in Sources */ = {isa = PBXBuildFile; fileRef = A312FA3B1FC0484500CE3ED9 /* LoadingViewController.swift */; };
		A312FA3E1FC0485500CE3ED9 /* LoadingTableViewCell.swift in Sources */ = {isa = PBXBuildFile; fileRef = A312FA3D1FC0485500CE3ED9 /* LoadingTableViewCell.swift */; };
		A312FA401FC0486A00CE3ED9 /* LoadingDataSource.swift in Sources */ = {isa = PBXBuildFile; fileRef = A312FA3F1FC0486A00CE3ED9 /* LoadingDataSource.swift */; };
		A312FA421FC0487800CE3ED9 /* LoadingDelegate.swift in Sources */ = {isa = PBXBuildFile; fileRef = A312FA411FC0487800CE3ED9 /* LoadingDelegate.swift */; };
		A312FA441FC04E0700CE3ED9 /* LoadingController.swift in Sources */ = {isa = PBXBuildFile; fileRef = A312FA431FC04E0700CE3ED9 /* LoadingController.swift */; };
		A32990DD1FAA568B00E147B9 /* TutorialCollectionViewCell.swift in Sources */ = {isa = PBXBuildFile; fileRef = A32990DC1FAA568B00E147B9 /* TutorialCollectionViewCell.swift */; };
		A32990DF1FAA56A200E147B9 /* TutorialDataSource.swift in Sources */ = {isa = PBXBuildFile; fileRef = A32990DE1FAA56A200E147B9 /* TutorialDataSource.swift */; };
		A32990E11FAA56C300E147B9 /* TutorialDelegate.swift in Sources */ = {isa = PBXBuildFile; fileRef = A32990E01FAA56C300E147B9 /* TutorialDelegate.swift */; };
		A32990E31FAA56DC00E147B9 /* TutorialController.swift in Sources */ = {isa = PBXBuildFile; fileRef = A32990E21FAA56DC00E147B9 /* TutorialController.swift */; };
		A35663671F656A1D0070410E /* AppDelegate.swift in Sources */ = {isa = PBXBuildFile; fileRef = A35663661F656A1D0070410E /* AppDelegate.swift */; };
		A356636C1F656A1D0070410E /* Main.storyboard in Resources */ = {isa = PBXBuildFile; fileRef = A356636A1F656A1D0070410E /* Main.storyboard */; };
		A356636E1F656A1D0070410E /* Assets.xcassets in Resources */ = {isa = PBXBuildFile; fileRef = A356636D1F656A1D0070410E /* Assets.xcassets */; };
		A35663711F656A1D0070410E /* LaunchScreen.storyboard in Resources */ = {isa = PBXBuildFile; fileRef = A356636F1F656A1D0070410E /* LaunchScreen.storyboard */; };
		A356637C1F656A1D0070410E /* GameOfLifeTests.swift in Sources */ = {isa = PBXBuildFile; fileRef = A356637B1F656A1D0070410E /* GameOfLifeTests.swift */; };
		A35663871F656A1D0070410E /* GameOfLifeUITests.swift in Sources */ = {isa = PBXBuildFile; fileRef = A35663861F656A1D0070410E /* GameOfLifeUITests.swift */; };
		A35663951F656A4A0070410E /* MenuViewController.swift in Sources */ = {isa = PBXBuildFile; fileRef = A35663941F656A4A0070410E /* MenuViewController.swift */; };
		A35663971F656A7C0070410E /* AboutViewController.swift in Sources */ = {isa = PBXBuildFile; fileRef = A35663961F656A7C0070410E /* AboutViewController.swift */; };
		A35663991F656AB90070410E /* SetupViewController.swift in Sources */ = {isa = PBXBuildFile; fileRef = A35663981F656AB90070410E /* SetupViewController.swift */; };
		A356639B1F656AC50070410E /* FieldViewController.swift in Sources */ = {isa = PBXBuildFile; fileRef = A356639A1F656AC50070410E /* FieldViewController.swift */; };
		A356639D1F6570D90070410E /* Field.swift in Sources */ = {isa = PBXBuildFile; fileRef = A356639C1F6570D90070410E /* Field.swift */; };
		A356639F1F6570E10070410E /* Cell.swift in Sources */ = {isa = PBXBuildFile; fileRef = A356639E1F6570E10070410E /* Cell.swift */; };
		A35663A11F6570EE0070410E /* FieldController.swift in Sources */ = {isa = PBXBuildFile; fileRef = A35663A01F6570ED0070410E /* FieldController.swift */; };
		A35FC93F1FBF37A000C20C73 /* PersistencyController.swift in Sources */ = {isa = PBXBuildFile; fileRef = A35FC93E1FBF37A000C20C73 /* PersistencyController.swift */; };
		A35FC9411FBF37CB00C20C73 /* UserData.swift in Sources */ = {isa = PBXBuildFile; fileRef = A35FC9401FBF37CB00C20C73 /* UserData.swift */; };
		A35FC9431FBF37D800C20C73 /* DataObjectPersistency.swift in Sources */ = {isa = PBXBuildFile; fileRef = A35FC9421FBF37D800C20C73 /* DataObjectPersistency.swift */; };
		A35FC9451FBF37E000C20C73 /* Generation.swift in Sources */ = {isa = PBXBuildFile; fileRef = A35FC9441FBF37E000C20C73 /* Generation.swift */; };
		A35FC9471FBF3CA300C20C73 /* AlertController.swift in Sources */ = {isa = PBXBuildFile; fileRef = A35FC9461FBF3CA300C20C73 /* AlertController.swift */; };
		A373C69E1FAB7F24003756BF /* NetworkActivityIndicatorManager.swift in Sources */ = {isa = PBXBuildFile; fileRef = A373C69D1FAB7F24003756BF /* NetworkActivityIndicatorManager.swift */; };
		A3760B59264D237B00A0D7D4 /* SwiftyStoreKit in Frameworks */ = {isa = PBXBuildFile; productRef = A3760B58264D237B00A0D7D4 /* SwiftyStoreKit */; };
		A3760B5C264D238A00A0D7D4 /* Gestalt in Frameworks */ = {isa = PBXBuildFile; productRef = A3760B5B264D238A00A0D7D4 /* Gestalt */; };
		A3760B5F264D239600A0D7D4 /* SnapKit in Frameworks */ = {isa = PBXBuildFile; productRef = A3760B5E264D239600A0D7D4 /* SnapKit */; };
		A37886911F658BFF001C0270 /* CellController.swift in Sources */ = {isa = PBXBuildFile; fileRef = A37886901F658BFF001C0270 /* CellController.swift */; };
		A392CF061FB249140056C4DD /* ShopTableViewController.swift in Sources */ = {isa = PBXBuildFile; fileRef = A392CF051FB249140056C4DD /* ShopTableViewController.swift */; };
		A3B507971F68131700D8C823 /* InitialGenerationViewController.swift in Sources */ = {isa = PBXBuildFile; fileRef = A3B507961F68131700D8C823 /* InitialGenerationViewController.swift */; };
		A3B5079F1F6830E200D8C823 /* TapGestureController.swift in Sources */ = {isa = PBXBuildFile; fileRef = A3B5079E1F6830E200D8C823 /* TapGestureController.swift */; };
		A3B507A11F6832BD00D8C823 /* Delegate.swift in Sources */ = {isa = PBXBuildFile; fileRef = A3B507A01F6832BD00D8C823 /* Delegate.swift */; };
		A3B507A31F6832CE00D8C823 /* DataSource.swift in Sources */ = {isa = PBXBuildFile; fileRef = A3B507A21F6832CE00D8C823 /* DataSource.swift */; };
		A3E0A1B51FAA50E000EA2BA6 /* PurchaseController.swift in Sources */ = {isa = PBXBuildFile; fileRef = A3E0A1B41FAA50E000EA2BA6 /* PurchaseController.swift */; };
		A3E0A1B81FAA535A00EA2BA6 /* TutorialViewController.swift in Sources */ = {isa = PBXBuildFile; fileRef = A3E0A1B71FAA535A00EA2BA6 /* TutorialViewController.swift */; };
		A3E0F9041FA7BD6E0058E8BB /* CaviarDreams.ttf in Resources */ = {isa = PBXBuildFile; fileRef = A3E0F9031FA7BD6E0058E8BB /* CaviarDreams.ttf */; };
		A3E5C7C51FA2539700787F5B /* KOMTXTT_.ttf in Resources */ = {isa = PBXBuildFile; fileRef = A3E5C7C31FA2539500787F5B /* KOMTXTT_.ttf */; };
		A3E5C7C61FA2539700787F5B /* KOMTXTB_.ttf in Resources */ = {isa = PBXBuildFile; fileRef = A3E5C7C41FA2539600787F5B /* KOMTXTB_.ttf */; };
		A3E5C7C91FA2541500787F5B /* Extensions.swift in Sources */ = {isa = PBXBuildFile; fileRef = A3E5C7C81FA2541500787F5B /* Extensions.swift */; };
		A3F4BC851FACB7D9002D524F /* StoreManager.swift in Sources */ = {isa = PBXBuildFile; fileRef = A3F4BC841FACB7D9002D524F /* StoreManager.swift */; };
/* End PBXBuildFile section */

/* Begin PBXContainerItemProxy section */
		A35663781F656A1D0070410E /* PBXContainerItemProxy */ = {
			isa = PBXContainerItemProxy;
			containerPortal = A356635B1F656A1D0070410E /* Project object */;
			proxyType = 1;
			remoteGlobalIDString = A35663621F656A1D0070410E;
			remoteInfo = GameOfLife;
		};
		A35663831F656A1D0070410E /* PBXContainerItemProxy */ = {
			isa = PBXContainerItemProxy;
			containerPortal = A356635B1F656A1D0070410E /* Project object */;
			proxyType = 1;
			remoteGlobalIDString = A35663621F656A1D0070410E;
			remoteInfo = GameOfLife;
		};
/* End PBXContainerItemProxy section */

/* Begin PBXFileReference section */
		A312FA3B1FC0484500CE3ED9 /* LoadingViewController.swift */ = {isa = PBXFileReference; lastKnownFileType = sourcecode.swift; path = LoadingViewController.swift; sourceTree = "<group>"; };
		A312FA3D1FC0485500CE3ED9 /* LoadingTableViewCell.swift */ = {isa = PBXFileReference; lastKnownFileType = sourcecode.swift; path = LoadingTableViewCell.swift; sourceTree = "<group>"; };
		A312FA3F1FC0486A00CE3ED9 /* LoadingDataSource.swift */ = {isa = PBXFileReference; lastKnownFileType = sourcecode.swift; path = LoadingDataSource.swift; sourceTree = "<group>"; };
		A312FA411FC0487800CE3ED9 /* LoadingDelegate.swift */ = {isa = PBXFileReference; lastKnownFileType = sourcecode.swift; path = LoadingDelegate.swift; sourceTree = "<group>"; };
		A312FA431FC04E0700CE3ED9 /* LoadingController.swift */ = {isa = PBXFileReference; lastKnownFileType = sourcecode.swift; path = LoadingController.swift; sourceTree = "<group>"; };
		A32990DC1FAA568B00E147B9 /* TutorialCollectionViewCell.swift */ = {isa = PBXFileReference; lastKnownFileType = sourcecode.swift; path = TutorialCollectionViewCell.swift; sourceTree = "<group>"; };
		A32990DE1FAA56A200E147B9 /* TutorialDataSource.swift */ = {isa = PBXFileReference; lastKnownFileType = sourcecode.swift; path = TutorialDataSource.swift; sourceTree = "<group>"; };
		A32990E01FAA56C300E147B9 /* TutorialDelegate.swift */ = {isa = PBXFileReference; lastKnownFileType = sourcecode.swift; path = TutorialDelegate.swift; sourceTree = "<group>"; };
		A32990E21FAA56DC00E147B9 /* TutorialController.swift */ = {isa = PBXFileReference; lastKnownFileType = sourcecode.swift; path = TutorialController.swift; sourceTree = "<group>"; };
		A35663631F656A1D0070410E /* GameOfLife.app */ = {isa = PBXFileReference; explicitFileType = wrapper.application; includeInIndex = 0; path = GameOfLife.app; sourceTree = BUILT_PRODUCTS_DIR; };
		A35663661F656A1D0070410E /* AppDelegate.swift */ = {isa = PBXFileReference; lastKnownFileType = sourcecode.swift; path = AppDelegate.swift; sourceTree = "<group>"; };
		A356636B1F656A1D0070410E /* Base */ = {isa = PBXFileReference; lastKnownFileType = file.storyboard; name = Base; path = Base.lproj/Main.storyboard; sourceTree = "<group>"; };
		A356636D1F656A1D0070410E /* Assets.xcassets */ = {isa = PBXFileReference; lastKnownFileType = folder.assetcatalog; path = Assets.xcassets; sourceTree = "<group>"; };
		A35663701F656A1D0070410E /* Base */ = {isa = PBXFileReference; lastKnownFileType = file.storyboard; name = Base; path = Base.lproj/LaunchScreen.storyboard; sourceTree = "<group>"; };
		A35663721F656A1D0070410E /* Info.plist */ = {isa = PBXFileReference; lastKnownFileType = text.plist.xml; path = Info.plist; sourceTree = "<group>"; };
		A35663771F656A1D0070410E /* GameOfLifeTests.xctest */ = {isa = PBXFileReference; explicitFileType = wrapper.cfbundle; includeInIndex = 0; path = GameOfLifeTests.xctest; sourceTree = BUILT_PRODUCTS_DIR; };
		A356637B1F656A1D0070410E /* GameOfLifeTests.swift */ = {isa = PBXFileReference; lastKnownFileType = sourcecode.swift; path = GameOfLifeTests.swift; sourceTree = "<group>"; };
		A356637D1F656A1D0070410E /* Info.plist */ = {isa = PBXFileReference; lastKnownFileType = text.plist.xml; path = Info.plist; sourceTree = "<group>"; };
		A35663821F656A1D0070410E /* GameOfLifeUITests.xctest */ = {isa = PBXFileReference; explicitFileType = wrapper.cfbundle; includeInIndex = 0; path = GameOfLifeUITests.xctest; sourceTree = BUILT_PRODUCTS_DIR; };
		A35663861F656A1D0070410E /* GameOfLifeUITests.swift */ = {isa = PBXFileReference; lastKnownFileType = sourcecode.swift; path = GameOfLifeUITests.swift; sourceTree = "<group>"; };
		A35663881F656A1D0070410E /* Info.plist */ = {isa = PBXFileReference; lastKnownFileType = text.plist.xml; path = Info.plist; sourceTree = "<group>"; };
		A35663941F656A4A0070410E /* MenuViewController.swift */ = {isa = PBXFileReference; fileEncoding = 4; lastKnownFileType = sourcecode.swift; path = MenuViewController.swift; sourceTree = "<group>"; };
		A35663961F656A7C0070410E /* AboutViewController.swift */ = {isa = PBXFileReference; fileEncoding = 4; lastKnownFileType = sourcecode.swift; path = AboutViewController.swift; sourceTree = "<group>"; };
		A35663981F656AB90070410E /* SetupViewController.swift */ = {isa = PBXFileReference; fileEncoding = 4; lastKnownFileType = sourcecode.swift; path = SetupViewController.swift; sourceTree = "<group>"; };
		A356639A1F656AC50070410E /* FieldViewController.swift */ = {isa = PBXFileReference; fileEncoding = 4; lastKnownFileType = sourcecode.swift; path = FieldViewController.swift; sourceTree = "<group>"; };
		A356639C1F6570D90070410E /* Field.swift */ = {isa = PBXFileReference; fileEncoding = 4; lastKnownFileType = sourcecode.swift; path = Field.swift; sourceTree = "<group>"; };
		A356639E1F6570E10070410E /* Cell.swift */ = {isa = PBXFileReference; fileEncoding = 4; lastKnownFileType = sourcecode.swift; path = Cell.swift; sourceTree = "<group>"; };
		A35663A01F6570ED0070410E /* FieldController.swift */ = {isa = PBXFileReference; fileEncoding = 4; lastKnownFileType = sourcecode.swift; path = FieldController.swift; sourceTree = "<group>"; };
		A35FC93E1FBF37A000C20C73 /* PersistencyController.swift */ = {isa = PBXFileReference; lastKnownFileType = sourcecode.swift; path = PersistencyController.swift; sourceTree = "<group>"; };
		A35FC9401FBF37CB00C20C73 /* UserData.swift */ = {isa = PBXFileReference; lastKnownFileType = sourcecode.swift; path = UserData.swift; sourceTree = "<group>"; };
		A35FC9421FBF37D800C20C73 /* DataObjectPersistency.swift */ = {isa = PBXFileReference; lastKnownFileType = sourcecode.swift; path = DataObjectPersistency.swift; sourceTree = "<group>"; };
		A35FC9441FBF37E000C20C73 /* Generation.swift */ = {isa = PBXFileReference; lastKnownFileType = sourcecode.swift; path = Generation.swift; sourceTree = "<group>"; };
		A35FC9461FBF3CA300C20C73 /* AlertController.swift */ = {isa = PBXFileReference; lastKnownFileType = sourcecode.swift; path = AlertController.swift; sourceTree = "<group>"; };
		A373C69D1FAB7F24003756BF /* NetworkActivityIndicatorManager.swift */ = {isa = PBXFileReference; lastKnownFileType = sourcecode.swift; path = NetworkActivityIndicatorManager.swift; sourceTree = "<group>"; };
		A37886901F658BFF001C0270 /* CellController.swift */ = {isa = PBXFileReference; fileEncoding = 4; lastKnownFileType = sourcecode.swift; path = CellController.swift; sourceTree = "<group>"; };
		A392CF051FB249140056C4DD /* ShopTableViewController.swift */ = {isa = PBXFileReference; lastKnownFileType = sourcecode.swift; path = ShopTableViewController.swift; sourceTree = "<group>"; };
		A3B507961F68131700D8C823 /* InitialGenerationViewController.swift */ = {isa = PBXFileReference; fileEncoding = 4; lastKnownFileType = sourcecode.swift; path = InitialGenerationViewController.swift; sourceTree = "<group>"; };
		A3B5079E1F6830E200D8C823 /* TapGestureController.swift */ = {isa = PBXFileReference; fileEncoding = 4; lastKnownFileType = sourcecode.swift; path = TapGestureController.swift; sourceTree = "<group>"; };
		A3B507A01F6832BD00D8C823 /* Delegate.swift */ = {isa = PBXFileReference; fileEncoding = 4; lastKnownFileType = sourcecode.swift; path = Delegate.swift; sourceTree = "<group>"; };
		A3B507A21F6832CE00D8C823 /* DataSource.swift */ = {isa = PBXFileReference; fileEncoding = 4; lastKnownFileType = sourcecode.swift; path = DataSource.swift; sourceTree = "<group>"; };
		A3E0A1B41FAA50E000EA2BA6 /* PurchaseController.swift */ = {isa = PBXFileReference; lastKnownFileType = sourcecode.swift; path = PurchaseController.swift; sourceTree = "<group>"; };
		A3E0A1B71FAA535A00EA2BA6 /* TutorialViewController.swift */ = {isa = PBXFileReference; lastKnownFileType = sourcecode.swift; path = TutorialViewController.swift; sourceTree = "<group>"; };
		A3E0F9031FA7BD6E0058E8BB /* CaviarDreams.ttf */ = {isa = PBXFileReference; lastKnownFileType = file; path = CaviarDreams.ttf; sourceTree = "<group>"; };
		A3E5C7C31FA2539500787F5B /* KOMTXTT_.ttf */ = {isa = PBXFileReference; lastKnownFileType = file; path = KOMTXTT_.ttf; sourceTree = "<group>"; };
		A3E5C7C41FA2539600787F5B /* KOMTXTB_.ttf */ = {isa = PBXFileReference; lastKnownFileType = file; path = KOMTXTB_.ttf; sourceTree = "<group>"; };
		A3E5C7C81FA2541500787F5B /* Extensions.swift */ = {isa = PBXFileReference; lastKnownFileType = sourcecode.swift; path = Extensions.swift; sourceTree = "<group>"; };
		A3F4BC841FACB7D9002D524F /* StoreManager.swift */ = {isa = PBXFileReference; lastKnownFileType = sourcecode.swift; path = StoreManager.swift; sourceTree = "<group>"; };
/* End PBXFileReference section */

/* Begin PBXFrameworksBuildPhase section */
		A35663601F656A1D0070410E /* Frameworks */ = {
			isa = PBXFrameworksBuildPhase;
			buildActionMask = 2147483647;
			files = (
				A3760B59264D237B00A0D7D4 /* SwiftyStoreKit in Frameworks */,
				A3760B5C264D238A00A0D7D4 /* Gestalt in Frameworks */,
				A3760B5F264D239600A0D7D4 /* SnapKit in Frameworks */,
			);
			runOnlyForDeploymentPostprocessing = 0;
		};
		A35663741F656A1D0070410E /* Frameworks */ = {
			isa = PBXFrameworksBuildPhase;
			buildActionMask = 2147483647;
			files = (
			);
			runOnlyForDeploymentPostprocessing = 0;
		};
		A356637F1F656A1D0070410E /* Frameworks */ = {
			isa = PBXFrameworksBuildPhase;
			buildActionMask = 2147483647;
			files = (
			);
			runOnlyForDeploymentPostprocessing = 0;
		};
/* End PBXFrameworksBuildPhase section */

/* Begin PBXGroup section */
		A06D457D66680BDC5526D3FF /* Frameworks */ = {
			isa = PBXGroup;
			children = (
			);
			name = Frameworks;
			sourceTree = "<group>";
		};
		A356635A1F656A1D0070410E = {
			isa = PBXGroup;
			children = (
				A35663651F656A1D0070410E /* GameOfLife */,
				A356637A1F656A1D0070410E /* GameOfLifeTests */,
				A35663851F656A1D0070410E /* GameOfLifeUITests */,
				A35663641F656A1D0070410E /* Products */,
				A06D457D66680BDC5526D3FF /* Frameworks */,
			);
			sourceTree = "<group>";
		};
		A35663641F656A1D0070410E /* Products */ = {
			isa = PBXGroup;
			children = (
				A35663631F656A1D0070410E /* GameOfLife.app */,
				A35663771F656A1D0070410E /* GameOfLifeTests.xctest */,
				A35663821F656A1D0070410E /* GameOfLifeUITests.xctest */,
			);
			name = Products;
			sourceTree = "<group>";
		};
		A35663651F656A1D0070410E /* GameOfLife */ = {
			isa = PBXGroup;
			children = (
				A3E5C7C71FA2540800787F5B /* Extensions */,
				A3E0A1B31FAA50CB00EA2BA6 /* Purchase */,
				A3B507981F6813B600D8C823 /* Menu */,
				A3E0A1B61FAA534500EA2BA6 /* Tutorial */,
				A3B507991F6813BA00D8C823 /* Setup */,
				A3B5079A1F6813C000D8C823 /* InitialGeneration */,
				A3B5079B1F6813D200D8C823 /* Field */,
				A35FC93D1FBF376A00C20C73 /* Persistency */,
				A3E5C7C21FA2535800787F5B /* Resources */,
				A35663661F656A1D0070410E /* AppDelegate.swift */,
				A356636A1F656A1D0070410E /* Main.storyboard */,
				A356636D1F656A1D0070410E /* Assets.xcassets */,
				A356636F1F656A1D0070410E /* LaunchScreen.storyboard */,
				A35663721F656A1D0070410E /* Info.plist */,
			);
			path = GameOfLife;
			sourceTree = "<group>";
		};
		A356637A1F656A1D0070410E /* GameOfLifeTests */ = {
			isa = PBXGroup;
			children = (
				A356637B1F656A1D0070410E /* GameOfLifeTests.swift */,
				A356637D1F656A1D0070410E /* Info.plist */,
			);
			path = GameOfLifeTests;
			sourceTree = "<group>";
		};
		A35663851F656A1D0070410E /* GameOfLifeUITests */ = {
			isa = PBXGroup;
			children = (
				A35663861F656A1D0070410E /* GameOfLifeUITests.swift */,
				A35663881F656A1D0070410E /* Info.plist */,
			);
			path = GameOfLifeUITests;
			sourceTree = "<group>";
		};
		A35FC93D1FBF376A00C20C73 /* Persistency */ = {
			isa = PBXGroup;
			children = (
				A35FC93E1FBF37A000C20C73 /* PersistencyController.swift */,
				A35FC9401FBF37CB00C20C73 /* UserData.swift */,
				A35FC9421FBF37D800C20C73 /* DataObjectPersistency.swift */,
				A35FC9441FBF37E000C20C73 /* Generation.swift */,
			);
			name = Persistency;
			sourceTree = "<group>";
		};
		A35FC94A1FBF4CC600C20C73 /* LoadGeneration */ = {
			isa = PBXGroup;
			children = (
				A312FA3B1FC0484500CE3ED9 /* LoadingViewController.swift */,
				A312FA3D1FC0485500CE3ED9 /* LoadingTableViewCell.swift */,
				A312FA3F1FC0486A00CE3ED9 /* LoadingDataSource.swift */,
				A312FA411FC0487800CE3ED9 /* LoadingDelegate.swift */,
				A312FA431FC04E0700CE3ED9 /* LoadingController.swift */,
			);
			name = LoadGeneration;
			sourceTree = "<group>";
		};
		A3B507981F6813B600D8C823 /* Menu */ = {
			isa = PBXGroup;
			children = (
				A35663941F656A4A0070410E /* MenuViewController.swift */,
				A35663961F656A7C0070410E /* AboutViewController.swift */,
			);
			name = Menu;
			sourceTree = "<group>";
		};
		A3B507991F6813BA00D8C823 /* Setup */ = {
			isa = PBXGroup;
			children = (
				A35663981F656AB90070410E /* SetupViewController.swift */,
				A3B507A01F6832BD00D8C823 /* Delegate.swift */,
				A3B507A21F6832CE00D8C823 /* DataSource.swift */,
			);
			name = Setup;
			sourceTree = "<group>";
		};
		A3B5079A1F6813C000D8C823 /* InitialGeneration */ = {
			isa = PBXGroup;
			children = (
				A35FC94A1FBF4CC600C20C73 /* LoadGeneration */,
				A3B507961F68131700D8C823 /* InitialGenerationViewController.swift */,
				A3B5079E1F6830E200D8C823 /* TapGestureController.swift */,
				A35FC9461FBF3CA300C20C73 /* AlertController.swift */,
			);
			name = InitialGeneration;
			sourceTree = "<group>";
		};
		A3B5079B1F6813D200D8C823 /* Field */ = {
			isa = PBXGroup;
			children = (
				A356639A1F656AC50070410E /* FieldViewController.swift */,
				A37886901F658BFF001C0270 /* CellController.swift */,
				A35663A01F6570ED0070410E /* FieldController.swift */,
				A356639C1F6570D90070410E /* Field.swift */,
				A356639E1F6570E10070410E /* Cell.swift */,
			);
			name = Field;
			sourceTree = "<group>";
		};
		A3E0A1B31FAA50CB00EA2BA6 /* Purchase */ = {
			isa = PBXGroup;
			children = (
				A3E0A1B41FAA50E000EA2BA6 /* PurchaseController.swift */,
				A373C69D1FAB7F24003756BF /* NetworkActivityIndicatorManager.swift */,
				A3F4BC841FACB7D9002D524F /* StoreManager.swift */,
				A392CF051FB249140056C4DD /* ShopTableViewController.swift */,
			);
			name = Purchase;
			sourceTree = "<group>";
		};
		A3E0A1B61FAA534500EA2BA6 /* Tutorial */ = {
			isa = PBXGroup;
			children = (
				A3E0A1B71FAA535A00EA2BA6 /* TutorialViewController.swift */,
				A32990DC1FAA568B00E147B9 /* TutorialCollectionViewCell.swift */,
				A32990DE1FAA56A200E147B9 /* TutorialDataSource.swift */,
				A32990E01FAA56C300E147B9 /* TutorialDelegate.swift */,
				A32990E21FAA56DC00E147B9 /* TutorialController.swift */,
			);
			name = Tutorial;
			sourceTree = "<group>";
		};
		A3E5C7C21FA2535800787F5B /* Resources */ = {
			isa = PBXGroup;
			children = (
				A3E0F9031FA7BD6E0058E8BB /* CaviarDreams.ttf */,
				A3E5C7C41FA2539600787F5B /* KOMTXTB_.ttf */,
				A3E5C7C31FA2539500787F5B /* KOMTXTT_.ttf */,
			);
			name = Resources;
			sourceTree = "<group>";
		};
		A3E5C7C71FA2540800787F5B /* Extensions */ = {
			isa = PBXGroup;
			children = (
				A3E5C7C81FA2541500787F5B /* Extensions.swift */,
			);
			name = Extensions;
			sourceTree = "<group>";
		};
/* End PBXGroup section */

/* Begin PBXNativeTarget section */
		A35663621F656A1D0070410E /* GameOfLife */ = {
			isa = PBXNativeTarget;
			buildConfigurationList = A356638B1F656A1D0070410E /* Build configuration list for PBXNativeTarget "GameOfLife" */;
			buildPhases = (
				A356635F1F656A1D0070410E /* Sources */,
				A35663601F656A1D0070410E /* Frameworks */,
				A35663611F656A1D0070410E /* Resources */,
				A3760B60264D251D00A0D7D4 /* Swiftlint */,
			);
			buildRules = (
			);
			dependencies = (
			);
			name = GameOfLife;
			packageProductDependencies = (
				A3760B58264D237B00A0D7D4 /* SwiftyStoreKit */,
				A3760B5B264D238A00A0D7D4 /* Gestalt */,
				A3760B5E264D239600A0D7D4 /* SnapKit */,
			);
			productName = GameOfLife;
			productReference = A35663631F656A1D0070410E /* GameOfLife.app */;
			productType = "com.apple.product-type.application";
		};
		A35663761F656A1D0070410E /* GameOfLifeTests */ = {
			isa = PBXNativeTarget;
			buildConfigurationList = A356638E1F656A1D0070410E /* Build configuration list for PBXNativeTarget "GameOfLifeTests" */;
			buildPhases = (
				A35663731F656A1D0070410E /* Sources */,
				A35663741F656A1D0070410E /* Frameworks */,
				A35663751F656A1D0070410E /* Resources */,
			);
			buildRules = (
			);
			dependencies = (
				A35663791F656A1D0070410E /* PBXTargetDependency */,
			);
			name = GameOfLifeTests;
			productName = GameOfLifeTests;
			productReference = A35663771F656A1D0070410E /* GameOfLifeTests.xctest */;
			productType = "com.apple.product-type.bundle.unit-test";
		};
		A35663811F656A1D0070410E /* GameOfLifeUITests */ = {
			isa = PBXNativeTarget;
			buildConfigurationList = A35663911F656A1D0070410E /* Build configuration list for PBXNativeTarget "GameOfLifeUITests" */;
			buildPhases = (
				A356637E1F656A1D0070410E /* Sources */,
				A356637F1F656A1D0070410E /* Frameworks */,
				A35663801F656A1D0070410E /* Resources */,
			);
			buildRules = (
			);
			dependencies = (
				A35663841F656A1D0070410E /* PBXTargetDependency */,
			);
			name = GameOfLifeUITests;
			productName = GameOfLifeUITests;
			productReference = A35663821F656A1D0070410E /* GameOfLifeUITests.xctest */;
			productType = "com.apple.product-type.bundle.ui-testing";
		};
/* End PBXNativeTarget section */

/* Begin PBXProject section */
		A356635B1F656A1D0070410E /* Project object */ = {
			isa = PBXProject;
			attributes = {
				LastSwiftUpdateCheck = 0830;
				LastUpgradeCheck = 0930;
				ORGANIZATIONNAME = "Patrick Niepel";
				TargetAttributes = {
					A35663621F656A1D0070410E = {
						CreatedOnToolsVersion = 8.3.3;
						DevelopmentTeam = 6C2B5VUSRK;
						LastSwiftMigration = 1010;
						ProvisioningStyle = Automatic;
						SystemCapabilities = {
							com.apple.InAppPurchase = {
								enabled = 1;
							};
						};
					};
					A35663761F656A1D0070410E = {
						CreatedOnToolsVersion = 8.3.3;
						DevelopmentTeam = 6C2B5VUSRK;
						LastSwiftMigration = 1010;
						ProvisioningStyle = Automatic;
						TestTargetID = A35663621F656A1D0070410E;
					};
					A35663811F656A1D0070410E = {
						CreatedOnToolsVersion = 8.3.3;
						DevelopmentTeam = 6C2B5VUSRK;
						LastSwiftMigration = 1010;
						ProvisioningStyle = Automatic;
						TestTargetID = A35663621F656A1D0070410E;
					};
				};
			};
			buildConfigurationList = A356635E1F656A1D0070410E /* Build configuration list for PBXProject "GameOfLife" */;
			compatibilityVersion = "Xcode 3.2";
			developmentRegion = English;
			hasScannedForEncodings = 0;
			knownRegions = (
				English,
				en,
				Base,
			);
			mainGroup = A356635A1F656A1D0070410E;
			packageReferences = (
				A3760B57264D237B00A0D7D4 /* XCRemoteSwiftPackageReference "SwiftyStoreKit" */,
				A3760B5A264D238A00A0D7D4 /* XCRemoteSwiftPackageReference "Gestalt" */,
				A3760B5D264D239600A0D7D4 /* XCRemoteSwiftPackageReference "SnapKit" */,
			);
			productRefGroup = A35663641F656A1D0070410E /* Products */;
			projectDirPath = "";
			projectRoot = "";
			targets = (
				A35663621F656A1D0070410E /* GameOfLife */,
				A35663761F656A1D0070410E /* GameOfLifeTests */,
				A35663811F656A1D0070410E /* GameOfLifeUITests */,
			);
		};
/* End PBXProject section */

/* Begin PBXResourcesBuildPhase section */
		A35663611F656A1D0070410E /* Resources */ = {
			isa = PBXResourcesBuildPhase;
			buildActionMask = 2147483647;
			files = (
				A3E5C7C61FA2539700787F5B /* KOMTXTB_.ttf in Resources */,
				A35663711F656A1D0070410E /* LaunchScreen.storyboard in Resources */,
				A3E0F9041FA7BD6E0058E8BB /* CaviarDreams.ttf in Resources */,
				A356636E1F656A1D0070410E /* Assets.xcassets in Resources */,
				A3E5C7C51FA2539700787F5B /* KOMTXTT_.ttf in Resources */,
				A356636C1F656A1D0070410E /* Main.storyboard in Resources */,
			);
			runOnlyForDeploymentPostprocessing = 0;
		};
		A35663751F656A1D0070410E /* Resources */ = {
			isa = PBXResourcesBuildPhase;
			buildActionMask = 2147483647;
			files = (
			);
			runOnlyForDeploymentPostprocessing = 0;
		};
		A35663801F656A1D0070410E /* Resources */ = {
			isa = PBXResourcesBuildPhase;
			buildActionMask = 2147483647;
			files = (
			);
			runOnlyForDeploymentPostprocessing = 0;
		};
/* End PBXResourcesBuildPhase section */

/* Begin PBXShellScriptBuildPhase section */
		A3760B60264D251D00A0D7D4 /* Swiftlint */ = {
			isa = PBXShellScriptBuildPhase;
			buildActionMask = 2147483647;
			files = (
			);
			inputFileListPaths = (
			);
			inputPaths = (
			);
			name = Swiftlint;
			outputFileListPaths = (
			);
			outputPaths = (
			);
			runOnlyForDeploymentPostprocessing = 0;
			shellPath = /bin/sh;
			shellScript = "if which swiftlint >/dev/null; then\n  swiftlint\nelse\n  echo \"warning: SwiftLint not installed, download from https://github.com/realm/SwiftLint\"\nfi\n";
		};
/* End PBXShellScriptBuildPhase section */

/* Begin PBXSourcesBuildPhase section */
		A356635F1F656A1D0070410E /* Sources */ = {
			isa = PBXSourcesBuildPhase;
			buildActionMask = 2147483647;
			files = (
				A3B507A11F6832BD00D8C823 /* Delegate.swift in Sources */,
				A3F4BC851FACB7D9002D524F /* StoreManager.swift in Sources */,
				A37886911F658BFF001C0270 /* CellController.swift in Sources */,
				A312FA441FC04E0700CE3ED9 /* LoadingController.swift in Sources */,
				A312FA3C1FC0484500CE3ED9 /* LoadingViewController.swift in Sources */,
				A35FC9411FBF37CB00C20C73 /* UserData.swift in Sources */,
				A35FC9471FBF3CA300C20C73 /* AlertController.swift in Sources */,
				A35FC93F1FBF37A000C20C73 /* PersistencyController.swift in Sources */,
				A3B5079F1F6830E200D8C823 /* TapGestureController.swift in Sources */,
				A32990E31FAA56DC00E147B9 /* TutorialController.swift in Sources */,
				A312FA421FC0487800CE3ED9 /* LoadingDelegate.swift in Sources */,
				A3B507A31F6832CE00D8C823 /* DataSource.swift in Sources */,
				A373C69E1FAB7F24003756BF /* NetworkActivityIndicatorManager.swift in Sources */,
				A35663A11F6570EE0070410E /* FieldController.swift in Sources */,
				A35663991F656AB90070410E /* SetupViewController.swift in Sources */,
				A32990DF1FAA56A200E147B9 /* TutorialDataSource.swift in Sources */,
				A32990DD1FAA568B00E147B9 /* TutorialCollectionViewCell.swift in Sources */,
				A35663971F656A7C0070410E /* AboutViewController.swift in Sources */,
				A35FC9431FBF37D800C20C73 /* DataObjectPersistency.swift in Sources */,
				A3E0A1B51FAA50E000EA2BA6 /* PurchaseController.swift in Sources */,
				A35FC9451FBF37E000C20C73 /* Generation.swift in Sources */,
				A356639F1F6570E10070410E /* Cell.swift in Sources */,
				A312FA401FC0486A00CE3ED9 /* LoadingDataSource.swift in Sources */,
				A312FA3E1FC0485500CE3ED9 /* LoadingTableViewCell.swift in Sources */,
				A356639D1F6570D90070410E /* Field.swift in Sources */,
				A3E0A1B81FAA535A00EA2BA6 /* TutorialViewController.swift in Sources */,
				A392CF061FB249140056C4DD /* ShopTableViewController.swift in Sources */,
				A356639B1F656AC50070410E /* FieldViewController.swift in Sources */,
				A32990E11FAA56C300E147B9 /* TutorialDelegate.swift in Sources */,
				A3B507971F68131700D8C823 /* InitialGenerationViewController.swift in Sources */,
				A35663671F656A1D0070410E /* AppDelegate.swift in Sources */,
				A35663951F656A4A0070410E /* MenuViewController.swift in Sources */,
				A3E5C7C91FA2541500787F5B /* Extensions.swift in Sources */,
			);
			runOnlyForDeploymentPostprocessing = 0;
		};
		A35663731F656A1D0070410E /* Sources */ = {
			isa = PBXSourcesBuildPhase;
			buildActionMask = 2147483647;
			files = (
				A356637C1F656A1D0070410E /* GameOfLifeTests.swift in Sources */,
			);
			runOnlyForDeploymentPostprocessing = 0;
		};
		A356637E1F656A1D0070410E /* Sources */ = {
			isa = PBXSourcesBuildPhase;
			buildActionMask = 2147483647;
			files = (
				A35663871F656A1D0070410E /* GameOfLifeUITests.swift in Sources */,
			);
			runOnlyForDeploymentPostprocessing = 0;
		};
/* End PBXSourcesBuildPhase section */

/* Begin PBXTargetDependency section */
		A35663791F656A1D0070410E /* PBXTargetDependency */ = {
			isa = PBXTargetDependency;
			target = A35663621F656A1D0070410E /* GameOfLife */;
			targetProxy = A35663781F656A1D0070410E /* PBXContainerItemProxy */;
		};
		A35663841F656A1D0070410E /* PBXTargetDependency */ = {
			isa = PBXTargetDependency;
			target = A35663621F656A1D0070410E /* GameOfLife */;
			targetProxy = A35663831F656A1D0070410E /* PBXContainerItemProxy */;
		};
/* End PBXTargetDependency section */

/* Begin PBXVariantGroup section */
		A356636A1F656A1D0070410E /* Main.storyboard */ = {
			isa = PBXVariantGroup;
			children = (
				A356636B1F656A1D0070410E /* Base */,
			);
			name = Main.storyboard;
			sourceTree = "<group>";
		};
		A356636F1F656A1D0070410E /* LaunchScreen.storyboard */ = {
			isa = PBXVariantGroup;
			children = (
				A35663701F656A1D0070410E /* Base */,
			);
			name = LaunchScreen.storyboard;
			sourceTree = "<group>";
		};
/* End PBXVariantGroup section */

/* Begin XCBuildConfiguration section */
		A35663891F656A1D0070410E /* Debug */ = {
			isa = XCBuildConfiguration;
			buildSettings = {
				ALWAYS_SEARCH_USER_PATHS = NO;
				CLANG_ANALYZER_NONNULL = YES;
				CLANG_ANALYZER_NUMBER_OBJECT_CONVERSION = YES_AGGRESSIVE;
				CLANG_CXX_LANGUAGE_STANDARD = "gnu++0x";
				CLANG_CXX_LIBRARY = "libc++";
				CLANG_ENABLE_MODULES = YES;
				CLANG_ENABLE_OBJC_ARC = YES;
				CLANG_WARN_BLOCK_CAPTURE_AUTORELEASING = YES;
				CLANG_WARN_BOOL_CONVERSION = YES;
				CLANG_WARN_COMMA = YES;
				CLANG_WARN_CONSTANT_CONVERSION = YES;
				CLANG_WARN_DEPRECATED_OBJC_IMPLEMENTATIONS = YES;
				CLANG_WARN_DIRECT_OBJC_ISA_USAGE = YES_ERROR;
				CLANG_WARN_DOCUMENTATION_COMMENTS = YES;
				CLANG_WARN_EMPTY_BODY = YES;
				CLANG_WARN_ENUM_CONVERSION = YES;
				CLANG_WARN_INFINITE_RECURSION = YES;
				CLANG_WARN_INT_CONVERSION = YES;
				CLANG_WARN_NON_LITERAL_NULL_CONVERSION = YES;
				CLANG_WARN_OBJC_IMPLICIT_RETAIN_SELF = YES;
				CLANG_WARN_OBJC_LITERAL_CONVERSION = YES;
				CLANG_WARN_OBJC_ROOT_CLASS = YES_ERROR;
				CLANG_WARN_RANGE_LOOP_ANALYSIS = YES;
				CLANG_WARN_STRICT_PROTOTYPES = YES;
				CLANG_WARN_SUSPICIOUS_MOVE = YES;
				CLANG_WARN_UNREACHABLE_CODE = YES;
				CLANG_WARN__DUPLICATE_METHOD_MATCH = YES;
				"CODE_SIGN_IDENTITY[sdk=iphoneos*]" = "iPhone Developer";
				COPY_PHASE_STRIP = NO;
				DEBUG_INFORMATION_FORMAT = dwarf;
				ENABLE_STRICT_OBJC_MSGSEND = YES;
				ENABLE_TESTABILITY = YES;
				GCC_C_LANGUAGE_STANDARD = gnu99;
				GCC_DYNAMIC_NO_PIC = NO;
				GCC_NO_COMMON_BLOCKS = YES;
				GCC_OPTIMIZATION_LEVEL = 0;
				GCC_PREPROCESSOR_DEFINITIONS = (
					"DEBUG=1",
					"$(inherited)",
				);
				GCC_WARN_64_TO_32_BIT_CONVERSION = YES;
				GCC_WARN_ABOUT_RETURN_TYPE = YES_ERROR;
				GCC_WARN_UNDECLARED_SELECTOR = YES;
				GCC_WARN_UNINITIALIZED_AUTOS = YES_AGGRESSIVE;
				GCC_WARN_UNUSED_FUNCTION = YES;
				GCC_WARN_UNUSED_VARIABLE = YES;
				IPHONEOS_DEPLOYMENT_TARGET = 10.3;
				MTL_ENABLE_DEBUG_INFO = YES;
				ONLY_ACTIVE_ARCH = YES;
				SDKROOT = iphoneos;
				SWIFT_ACTIVE_COMPILATION_CONDITIONS = DEBUG;
				SWIFT_OPTIMIZATION_LEVEL = "-Onone";
			};
			name = Debug;
		};
		A356638A1F656A1D0070410E /* Release */ = {
			isa = XCBuildConfiguration;
			buildSettings = {
				ALWAYS_SEARCH_USER_PATHS = NO;
				CLANG_ANALYZER_NONNULL = YES;
				CLANG_ANALYZER_NUMBER_OBJECT_CONVERSION = YES_AGGRESSIVE;
				CLANG_CXX_LANGUAGE_STANDARD = "gnu++0x";
				CLANG_CXX_LIBRARY = "libc++";
				CLANG_ENABLE_MODULES = YES;
				CLANG_ENABLE_OBJC_ARC = YES;
				CLANG_WARN_BLOCK_CAPTURE_AUTORELEASING = YES;
				CLANG_WARN_BOOL_CONVERSION = YES;
				CLANG_WARN_COMMA = YES;
				CLANG_WARN_CONSTANT_CONVERSION = YES;
				CLANG_WARN_DEPRECATED_OBJC_IMPLEMENTATIONS = YES;
				CLANG_WARN_DIRECT_OBJC_ISA_USAGE = YES_ERROR;
				CLANG_WARN_DOCUMENTATION_COMMENTS = YES;
				CLANG_WARN_EMPTY_BODY = YES;
				CLANG_WARN_ENUM_CONVERSION = YES;
				CLANG_WARN_INFINITE_RECURSION = YES;
				CLANG_WARN_INT_CONVERSION = YES;
				CLANG_WARN_NON_LITERAL_NULL_CONVERSION = YES;
				CLANG_WARN_OBJC_IMPLICIT_RETAIN_SELF = YES;
				CLANG_WARN_OBJC_LITERAL_CONVERSION = YES;
				CLANG_WARN_OBJC_ROOT_CLASS = YES_ERROR;
				CLANG_WARN_RANGE_LOOP_ANALYSIS = YES;
				CLANG_WARN_STRICT_PROTOTYPES = YES;
				CLANG_WARN_SUSPICIOUS_MOVE = YES;
				CLANG_WARN_UNREACHABLE_CODE = YES;
				CLANG_WARN__DUPLICATE_METHOD_MATCH = YES;
				"CODE_SIGN_IDENTITY[sdk=iphoneos*]" = "iPhone Developer";
				COPY_PHASE_STRIP = NO;
				DEBUG_INFORMATION_FORMAT = "dwarf-with-dsym";
				ENABLE_NS_ASSERTIONS = NO;
				ENABLE_STRICT_OBJC_MSGSEND = YES;
				GCC_C_LANGUAGE_STANDARD = gnu99;
				GCC_NO_COMMON_BLOCKS = YES;
				GCC_WARN_64_TO_32_BIT_CONVERSION = YES;
				GCC_WARN_ABOUT_RETURN_TYPE = YES_ERROR;
				GCC_WARN_UNDECLARED_SELECTOR = YES;
				GCC_WARN_UNINITIALIZED_AUTOS = YES_AGGRESSIVE;
				GCC_WARN_UNUSED_FUNCTION = YES;
				GCC_WARN_UNUSED_VARIABLE = YES;
				IPHONEOS_DEPLOYMENT_TARGET = 10.3;
				MTL_ENABLE_DEBUG_INFO = NO;
				SDKROOT = iphoneos;
				SWIFT_COMPILATION_MODE = wholemodule;
				SWIFT_OPTIMIZATION_LEVEL = "-O";
				VALIDATE_PRODUCT = YES;
			};
			name = Release;
		};
		A356638C1F656A1D0070410E /* Debug */ = {
			isa = XCBuildConfiguration;
			buildSettings = {
				ASSETCATALOG_COMPILER_APPICON_NAME = AppIcon;
				DEVELOPMENT_TEAM = 6C2B5VUSRK;
				FRAMEWORK_SEARCH_PATHS = (
					"$(inherited)/**",
					"$(SRCROOT)/**",
					"$(PROJECT_DIR)/**",
				);
				INFOPLIST_FILE = GameOfLife/Info.plist;
				IPHONEOS_DEPLOYMENT_TARGET = 10.3;
				LD_RUNPATH_SEARCH_PATHS = (
					"$(inherited)",
					"@executable_path/Frameworks",
				);
				PRODUCT_BUNDLE_IDENTIFIER = de.patrickniepel.GameOfLife;
				PRODUCT_NAME = "$(TARGET_NAME)";
				SWIFT_VERSION = 4.2;
				TARGETED_DEVICE_FAMILY = 1;
			};
			name = Debug;
		};
		A356638D1F656A1D0070410E /* Release */ = {
			isa = XCBuildConfiguration;
			buildSettings = {
				ASSETCATALOG_COMPILER_APPICON_NAME = AppIcon;
				DEVELOPMENT_TEAM = 6C2B5VUSRK;
				FRAMEWORK_SEARCH_PATHS = (
					"$(inherited)/**",
					"$(SRCROOT)/**",
					"$(PROJECT_DIR)/**",
				);
				INFOPLIST_FILE = GameOfLife/Info.plist;
				IPHONEOS_DEPLOYMENT_TARGET = 10.3;
				LD_RUNPATH_SEARCH_PATHS = (
					"$(inherited)",
					"@executable_path/Frameworks",
				);
				PRODUCT_BUNDLE_IDENTIFIER = de.patrickniepel.GameOfLife;
				PRODUCT_NAME = "$(TARGET_NAME)";
				SWIFT_VERSION = 4.2;
				TARGETED_DEVICE_FAMILY = 1;
			};
			name = Release;
		};
		A356638F1F656A1D0070410E /* Debug */ = {
			isa = XCBuildConfiguration;
			buildSettings = {
				ALWAYS_EMBED_SWIFT_STANDARD_LIBRARIES = YES;
				BUNDLE_LOADER = "$(TEST_HOST)";
				DEVELOPMENT_TEAM = 6C2B5VUSRK;
				INFOPLIST_FILE = GameOfLifeTests/Info.plist;
				LD_RUNPATH_SEARCH_PATHS = (
					"$(inherited)",
					"@executable_path/Frameworks",
					"@loader_path/Frameworks",
				);
				PRODUCT_BUNDLE_IDENTIFIER = de.patrickniepel.GameOfLifeTests;
				PRODUCT_NAME = "$(TARGET_NAME)";
				SWIFT_VERSION = 4.2;
				TEST_HOST = "$(BUILT_PRODUCTS_DIR)/GameOfLife.app/GameOfLife";
			};
			name = Debug;
		};
		A35663901F656A1D0070410E /* Release */ = {
			isa = XCBuildConfiguration;
			buildSettings = {
				ALWAYS_EMBED_SWIFT_STANDARD_LIBRARIES = YES;
				BUNDLE_LOADER = "$(TEST_HOST)";
				DEVELOPMENT_TEAM = 6C2B5VUSRK;
				INFOPLIST_FILE = GameOfLifeTests/Info.plist;
				LD_RUNPATH_SEARCH_PATHS = (
					"$(inherited)",
					"@executable_path/Frameworks",
					"@loader_path/Frameworks",
				);
				PRODUCT_BUNDLE_IDENTIFIER = de.patrickniepel.GameOfLifeTests;
				PRODUCT_NAME = "$(TARGET_NAME)";
				SWIFT_VERSION = 4.2;
				TEST_HOST = "$(BUILT_PRODUCTS_DIR)/GameOfLife.app/GameOfLife";
			};
			name = Release;
		};
		A35663921F656A1D0070410E /* Debug */ = {
			isa = XCBuildConfiguration;
			buildSettings = {
				ALWAYS_EMBED_SWIFT_STANDARD_LIBRARIES = YES;
				DEVELOPMENT_TEAM = 6C2B5VUSRK;
				INFOPLIST_FILE = GameOfLifeUITests/Info.plist;
				LD_RUNPATH_SEARCH_PATHS = (
					"$(inherited)",
					"@executable_path/Frameworks",
					"@loader_path/Frameworks",
				);
				PRODUCT_BUNDLE_IDENTIFIER = de.patrickniepel.GameOfLifeUITests;
				PRODUCT_NAME = "$(TARGET_NAME)";
				SWIFT_VERSION = 4.2;
				TEST_TARGET_NAME = GameOfLife;
			};
			name = Debug;
		};
		A35663931F656A1D0070410E /* Release */ = {
			isa = XCBuildConfiguration;
			buildSettings = {
				ALWAYS_EMBED_SWIFT_STANDARD_LIBRARIES = YES;
				DEVELOPMENT_TEAM = 6C2B5VUSRK;
				INFOPLIST_FILE = GameOfLifeUITests/Info.plist;
				LD_RUNPATH_SEARCH_PATHS = (
					"$(inherited)",
					"@executable_path/Frameworks",
					"@loader_path/Frameworks",
				);
				PRODUCT_BUNDLE_IDENTIFIER = de.patrickniepel.GameOfLifeUITests;
				PRODUCT_NAME = "$(TARGET_NAME)";
				SWIFT_VERSION = 4.2;
				TEST_TARGET_NAME = GameOfLife;
			};
			name = Release;
		};
/* End XCBuildConfiguration section */

/* Begin XCConfigurationList section */
		A356635E1F656A1D0070410E /* Build configuration list for PBXProject "GameOfLife" */ = {
			isa = XCConfigurationList;
			buildConfigurations = (
				A35663891F656A1D0070410E /* Debug */,
				A356638A1F656A1D0070410E /* Release */,
			);
			defaultConfigurationIsVisible = 0;
			defaultConfigurationName = Release;
		};
		A356638B1F656A1D0070410E /* Build configuration list for PBXNativeTarget "GameOfLife" */ = {
			isa = XCConfigurationList;
			buildConfigurations = (
				A356638C1F656A1D0070410E /* Debug */,
				A356638D1F656A1D0070410E /* Release */,
			);
			defaultConfigurationIsVisible = 0;
			defaultConfigurationName = Release;
		};
		A356638E1F656A1D0070410E /* Build configuration list for PBXNativeTarget "GameOfLifeTests" */ = {
			isa = XCConfigurationList;
			buildConfigurations = (
				A356638F1F656A1D0070410E /* Debug */,
				A35663901F656A1D0070410E /* Release */,
			);
			defaultConfigurationIsVisible = 0;
			defaultConfigurationName = Release;
		};
		A35663911F656A1D0070410E /* Build configuration list for PBXNativeTarget "GameOfLifeUITests" */ = {
			isa = XCConfigurationList;
			buildConfigurations = (
				A35663921F656A1D0070410E /* Debug */,
				A35663931F656A1D0070410E /* Release */,
			);
			defaultConfigurationIsVisible = 0;
			defaultConfigurationName = Release;
		};
/* End XCConfigurationList section */

/* Begin XCRemoteSwiftPackageReference section */
		A3760B57264D237B00A0D7D4 /* XCRemoteSwiftPackageReference "SwiftyStoreKit" */ = {
			isa = XCRemoteSwiftPackageReference;
			repositoryURL = "https://github.com/bizz84/SwiftyStoreKit";
			requirement = {
				kind = upToNextMajorVersion;
				minimumVersion = 0.16.3;
			};
		};
		A3760B5A264D238A00A0D7D4 /* XCRemoteSwiftPackageReference "Gestalt" */ = {
			isa = XCRemoteSwiftPackageReference;
			repositoryURL = "https://github.com/regexident/Gestalt";
			requirement = {
				kind = upToNextMajorVersion;
				minimumVersion = 2.1.1;
			};
		};
		A3760B5D264D239600A0D7D4 /* XCRemoteSwiftPackageReference "SnapKit" */ = {
			isa = XCRemoteSwiftPackageReference;
			repositoryURL = "https://github.com/SnapKit/SnapKit";
			requirement = {
				kind = upToNextMajorVersion;
				minimumVersion = 5.0.1;
			};
		};
/* End XCRemoteSwiftPackageReference section */

/* Begin XCSwiftPackageProductDependency section */
		A3760B58264D237B00A0D7D4 /* SwiftyStoreKit */ = {
			isa = XCSwiftPackageProductDependency;
			package = A3760B57264D237B00A0D7D4 /* XCRemoteSwiftPackageReference "SwiftyStoreKit" */;
			productName = SwiftyStoreKit;
		};
		A3760B5B264D238A00A0D7D4 /* Gestalt */ = {
			isa = XCSwiftPackageProductDependency;
			package = A3760B5A264D238A00A0D7D4 /* XCRemoteSwiftPackageReference "Gestalt" */;
			productName = Gestalt;
		};
		A3760B5E264D239600A0D7D4 /* SnapKit */ = {
			isa = XCSwiftPackageProductDependency;
			package = A3760B5D264D239600A0D7D4 /* XCRemoteSwiftPackageReference "SnapKit" */;
			productName = SnapKit;
		};
/* End XCSwiftPackageProductDependency section */
	};
	rootObject = A356635B1F656A1D0070410E /* Project object */;
}
